// !$*UTF8*$!
{
	archiveVersion = 1;
	classes = {
	};
	objectVersion = 77;
	objects = {

/* Begin PBXBuildFile section */
		008F46E67C3040A8567357EE /* PhysicsCategory.swift in Sources */ = {isa = PBXBuildFile; fileRef = E10DA4B516116EFE00A8BF25 /* PhysicsCategory.swift */; };
		01582EB568844379775EE110 /* SceneDelegate.swift in Sources */ = {isa = PBXBuildFile; fileRef = 6E0EB6D150FACE1CB4C204AD /* SceneDelegate.swift */; };
		05A2FC16BD58A096D6E745A7 /* SlicersModels.swift in Sources */ = {isa = PBXBuildFile; fileRef = F8C63774C13A2439BBA9CAEF /* SlicersModels.swift */; };
		0CB6E7D3E9CFA713F55AFDF7 /* GameViewController.swift in Sources */ = {isa = PBXBuildFile; fileRef = 3BC2792B97F28AA0AD1221B5 /* GameViewController.swift */; };
		157A1A9D36C7681D41FEB5D2 /* Assets.xcassets in Resources */ = {isa = PBXBuildFile; fileRef = BA62EDCF0763ADEB3124A4C7 /* Assets.xcassets */; };
		1654962892B02F655EED2707 /* AVFoundation.framework in Frameworks */ = {isa = PBXBuildFile; fileRef = 6B1DA015C55C19429F992E3A /* AVFoundation.framework */; };
		16F9B52B4899438B60024BED /* ThemeManager.swift in Sources */ = {isa = PBXBuildFile; fileRef = 11119F3D7548311EB14596AE /* ThemeManager.swift */; };
		1C8DF1B6328977059CED3E76 /* SlicersWelcomeScene.swift in Sources */ = {isa = PBXBuildFile; fileRef = B3E11F2834A5EB2AE86C7C2A /* SlicersWelcomeScene.swift */; };
		2000ECDC9446E5A47352E49F /* ObstacleNode.swift in Sources */ = {isa = PBXBuildFile; fileRef = 8BC02C8F27FAF89EC59DFFD5 /* ObstacleNode.swift */; };
		22ABF09E2C8AB44FD654F5C4 /* AppDelegate.swift in Sources */ = {isa = PBXBuildFile; fileRef = 1B50359661838C185084E474 /* AppDelegate.swift */; };
		380E5B1B4C473ED0CB6BCA96 /* CryptoKit.framework in Frameworks */ = {isa = PBXBuildFile; fileRef = 1A2370D35C40B9A25D6880BB /* CryptoKit.framework */; };
		42BE7974DB05606B90384C07 /* GameKit.framework in Frameworks */ = {isa = PBXBuildFile; fileRef = 1607D9D3883C8E0991638B2F /* GameKit.framework */; };
		48BC9CB01D046551972FFFE8 /* SlicersKeys.swift in Sources */ = {isa = PBXBuildFile; fileRef = 367E2E70C2A16A3C7A93A5EA /* SlicersKeys.swift */; };
		6E82130AB0F908A12A897289 /* PlayerNode.swift in Sources */ = {isa = PBXBuildFile; fileRef = 6CD9E35660F738DF1AAD505D /* PlayerNode.swift */; };
		8D511923214CF0C213306B42 /* SlicersGameScene.swift in Sources */ = {isa = PBXBuildFile; fileRef = 88D7F6AD1D611ABCC9C97BD9 /* SlicersGameScene.swift */; };
		C29A583EC026CFABE6989A54 /* SoundManager.swift in Sources */ = {isa = PBXBuildFile; fileRef = 597FC6DC26BD383E2EC3C235 /* SoundManager.swift */; };
		C4C40A4ED6569DE5B7DCFE8C /* PointsManager.swift in Sources */ = {isa = PBXBuildFile; fileRef = 916AB417034F34F40B05C3A8 /* PointsManager.swift */; };
		DF3858057B72E942333BAAD1 /* PowerUpNode.swift in Sources */ = {isa = PBXBuildFile; fileRef = 388D55D52BA8823ADE9316AC /* PowerUpNode.swift */; };
		E1A2B3C4D5E6F7A8B9C0D1E2 /* EnemyNode.swift in Sources */ = {isa = PBXBuildFile; fileRef = A1B2C3D4E5F6A7B8C9D0E1F2 /* EnemyNode.swift */; };
		F2E3D4C5B6A7988A7B6C5D4E /* CoinNode.swift in Sources */ = {isa = PBXBuildFile; fileRef = B2C3D4E5F6A7B8C9D0E1F2A3 /* CoinNode.swift */; };
		FC6EC3A9C72F585A52D947D8 /* SpriteKit.framework in Frameworks */ = {isa = PBXBuildFile; fileRef = 3114C34052F3B22C9ABD42A4 /* SpriteKit.framework */; };
/* End PBXBuildFile section */

/* Begin PBXFileReference section */
		0A2C077F58B993B17F52CF14 /* SuperSpeedSlicers.entitlements */ = {isa = PBXFileReference; lastKnownFileType = text.plist.entitlements; path = SuperSpeedSlicers.entitlements; sourceTree = "<group>"; };
		11119F3D7548311EB14596AE /* ThemeManager.swift */ = {isa = PBXFileReference; lastKnownFileType = sourcecode.swift; path = ThemeManager.swift; sourceTree = "<group>"; };
		1607D9D3883C8E0991638B2F /* GameKit.framework */ = {isa = PBXFileReference; lastKnownFileType = wrapper.framework; name = GameKit.framework; path = System/Library/Frameworks/GameKit.framework; sourceTree = SDKROOT; };
		1A2370D35C40B9A25D6880BB /* CryptoKit.framework */ = {isa = PBXFileReference; lastKnownFileType = wrapper.framework; name = CryptoKit.framework; path = System/Library/Frameworks/CryptoKit.framework; sourceTree = SDKROOT; };
		1B50359661838C185084E474 /* AppDelegate.swift */ = {isa = PBXFileReference; lastKnownFileType = sourcecode.swift; path = AppDelegate.swift; sourceTree = "<group>"; };
		3114C34052F3B22C9ABD42A4 /* SpriteKit.framework */ = {isa = PBXFileReference; lastKnownFileType = wrapper.framework; name = SpriteKit.framework; path = System/Library/Frameworks/SpriteKit.framework; sourceTree = SDKROOT; };
		367E2E70C2A16A3C7A93A5EA /* SlicersKeys.swift */ = {isa = PBXFileReference; lastKnownFileType = sourcecode.swift; path = SlicersKeys.swift; sourceTree = "<group>"; };
		388D55D52BA8823ADE9316AC /* PowerUpNode.swift */ = {isa = PBXFileReference; lastKnownFileType = sourcecode.swift; path = PowerUpNode.swift; sourceTree = "<group>"; };
		3BC2792B97F28AA0AD1221B5 /* GameViewController.swift */ = {isa = PBXFileReference; lastKnownFileType = sourcecode.swift; path = GameViewController.swift; sourceTree = "<group>"; };
		597FC6DC26BD383E2EC3C235 /* SoundManager.swift */ = {isa = PBXFileReference; lastKnownFileType = sourcecode.swift; path = SoundManager.swift; sourceTree = "<group>"; };
		6B1DA015C55C19429F992E3A /* AVFoundation.framework */ = {isa = PBXFileReference; lastKnownFileType = wrapper.framework; name = AVFoundation.framework; path = System/Library/Frameworks/AVFoundation.framework; sourceTree = SDKROOT; };
		6CD9E35660F738DF1AAD505D /* PlayerNode.swift */ = {isa = PBXFileReference; lastKnownFileType = sourcecode.swift; path = PlayerNode.swift; sourceTree = "<group>"; };
		6E0EB6D150FACE1CB4C204AD /* SceneDelegate.swift */ = {isa = PBXFileReference; lastKnownFileType = sourcecode.swift; path = SceneDelegate.swift; sourceTree = "<group>"; };
		88D7F6AD1D611ABCC9C97BD9 /* SlicersGameScene.swift */ = {isa = PBXFileReference; lastKnownFileType = sourcecode.swift; path = SlicersGameScene.swift; sourceTree = "<group>"; };
		8BC02C8F27FAF89EC59DFFD5 /* ObstacleNode.swift */ = {isa = PBXFileReference; lastKnownFileType = sourcecode.swift; path = ObstacleNode.swift; sourceTree = "<group>"; };
		916AB417034F34F40B05C3A8 /* PointsManager.swift */ = {isa = PBXFileReference; lastKnownFileType = sourcecode.swift; path = PointsManager.swift; sourceTree = "<group>"; };
		A1B2C3D4E5F6A7B8C9D0E1F2 /* EnemyNode.swift */ = {isa = PBXFileReference; lastKnownFileType = sourcecode.swift; path = EnemyNode.swift; sourceTree = "<group>"; };
		B2C3D4E5F6A7B8C9D0E1F2A3 /* CoinNode.swift */ = {isa = PBXFileReference; lastKnownFileType = sourcecode.swift; path = CoinNode.swift; sourceTree = "<group>"; };
		B3E11F2834A5EB2AE86C7C2A /* SlicersWelcomeScene.swift */ = {isa = PBXFileReference; lastKnownFileType = sourcecode.swift; path = SlicersWelcomeScene.swift; sourceTree = "<group>"; };
		B5C9F8F378B798581326336C /* SuperSpeedSlicers.app */ = {isa = PBXFileReference; explicitFileType = wrapper.application; includeInIndex = 0; path = SuperSpeedSlicers.app; sourceTree = BUILT_PRODUCTS_DIR; };
		B691DFDD555E34F583CB9C7B /* Info.plist */ = {isa = PBXFileReference; lastKnownFileType = text.plist; path = Info.plist; sourceTree = "<group>"; };
		BA62EDCF0763ADEB3124A4C7 /* Assets.xcassets */ = {isa = PBXFileReference; lastKnownFileType = folder.assetcatalog; path = Assets.xcassets; sourceTree = "<group>"; };
		E10DA4B516116EFE00A8BF25 /* PhysicsCategory.swift */ = {isa = PBXFileReference; lastKnownFileType = sourcecode.swift; path = PhysicsCategory.swift; sourceTree = "<group>"; };
		F8C63774C13A2439BBA9CAEF /* SlicersModels.swift */ = {isa = PBXFileReference; lastKnownFileType = sourcecode.swift; path = SlicersModels.swift; sourceTree = "<group>"; };
/* End PBXFileReference section */

/* Begin PBXFrameworksBuildPhase section */
		A97EADDE1304B9F9AB92A740 /* Frameworks */ = {
			isa = PBXFrameworksBuildPhase;
			buildActionMask = 2147483647;
			files = (
				FC6EC3A9C72F585A52D947D8 /* SpriteKit.framework in Frameworks */,
				42BE7974DB05606B90384C07 /* GameKit.framework in Frameworks */,
				1654962892B02F655EED2707 /* AVFoundation.framework in Frameworks */,
				380E5B1B4C473ED0CB6BCA96 /* CryptoKit.framework in Frameworks */,
			);
			runOnlyForDeploymentPostprocessing = 0;
		};
/* End PBXFrameworksBuildPhase section */

/* Begin PBXGroup section */
		15330CE32DF454ADC7C6D689 = {
			isa = PBXGroup;
			children = (
				16C1140EE945D6BF1B78EBBA /* SuperSpeedSlicers */,
				7E45B34C36B61550A7DD3C48 /* Frameworks */,
				B9D115F62965E7B72F4D266E /* Products */,
			);
			sourceTree = "<group>";
		};
		16C1140EE945D6BF1B78EBBA /* SuperSpeedSlicers */ = {
			isa = PBXGroup;
			children = (
				1B50359661838C185084E474 /* AppDelegate.swift */,
				BA62EDCF0763ADEB3124A4C7 /* Assets.xcassets */,
				3BC2792B97F28AA0AD1221B5 /* GameViewController.swift */,
				B691DFDD555E34F583CB9C7B /* Info.plist */,
				6E0EB6D150FACE1CB4C204AD /* SceneDelegate.swift */,
				0A2C077F58B993B17F52CF14 /* SuperSpeedSlicers.entitlements */,
				26807F11C6B0AD8EBBF1549C /* Managers */,
				9F8370A313010BC740F02FE2 /* Models */,
				4E42AFE9977BDC2D67FB3CF7 /* Nodes */,
				4DCBF2C46EA42DAA0CF0C3E0 /* Scenes */,
			);
			path = SuperSpeedSlicers;
			sourceTree = "<group>";
		};
		26807F11C6B0AD8EBBF1549C /* Managers */ = {
			isa = PBXGroup;
			children = (
				916AB417034F34F40B05C3A8 /* PointsManager.swift */,
				367E2E70C2A16A3C7A93A5EA /* SlicersKeys.swift */,
				597FC6DC26BD383E2EC3C235 /* SoundManager.swift */,
				11119F3D7548311EB14596AE /* ThemeManager.swift */,
			);
			path = Managers;
			sourceTree = "<group>";
		};
		4DCBF2C46EA42DAA0CF0C3E0 /* Scenes */ = {
			isa = PBXGroup;
			children = (
				88D7F6AD1D611ABCC9C97BD9 /* SlicersGameScene.swift */,
				B3E11F2834A5EB2AE86C7C2A /* SlicersWelcomeScene.swift */,
			);
			path = Scenes;
			sourceTree = "<group>";
		};
		4E42AFE9977BDC2D67FB3CF7 /* Nodes */ = {
			isa = PBXGroup;
			children = (
				B2C3D4E5F6A7B8C9D0E1F2A3 /* CoinNode.swift */,
				A1B2C3D4E5F6A7B8C9D0E1F2 /* EnemyNode.swift */,
				8BC02C8F27FAF89EC59DFFD5 /* ObstacleNode.swift */,
				6CD9E35660F738DF1AAD505D /* PlayerNode.swift */,
				388D55D52BA8823ADE9316AC /* PowerUpNode.swift */,
			);
			path = Nodes;
			sourceTree = "<group>";
		};
		7E45B34C36B61550A7DD3C48 /* Frameworks */ = {
			isa = PBXGroup;
			children = (
				6B1DA015C55C19429F992E3A /* AVFoundation.framework */,
				1A2370D35C40B9A25D6880BB /* CryptoKit.framework */,
				1607D9D3883C8E0991638B2F /* GameKit.framework */,
				3114C34052F3B22C9ABD42A4 /* SpriteKit.framework */,
			);
			name = Frameworks;
			sourceTree = "<group>";
		};
		9F8370A313010BC740F02FE2 /* Models */ = {
			isa = PBXGroup;
			children = (
				E10DA4B516116EFE00A8BF25 /* PhysicsCategory.swift */,
				F8C63774C13A2439BBA9CAEF /* SlicersModels.swift */,
			);
			path = Models;
			sourceTree = "<group>";
		};
		B9D115F62965E7B72F4D266E /* Products */ = {
			isa = PBXGroup;
			children = (
				B5C9F8F378B798581326336C /* SuperSpeedSlicers.app */,
			);
			name = Products;
			sourceTree = "<group>";
		};
/* End PBXGroup section */

/* Begin PBXNativeTarget section */
		284B46E00036A6CD9B7E05E0 /* SuperSpeedSlicers */ = {
			isa = PBXNativeTarget;
			buildConfigurationList = 56F55780990C3163423F890B /* Build configuration list for PBXNativeTarget "SuperSpeedSlicers" */;
			buildPhases = (
				344EF05F198863472D98C296 /* Sources */,
				CB46960E565CC82A6AE46C4F /* Resources */,
				A97EADDE1304B9F9AB92A740 /* Frameworks */,
			);
			buildRules = (
			);
			dependencies = (
			);
			name = SuperSpeedSlicers;
			packageProductDependencies = (
			);
			productName = SuperSpeedSlicers;
			productReference = B5C9F8F378B798581326336C /* SuperSpeedSlicers.app */;
			productType = "com.apple.product-type.application";
		};
/* End PBXNativeTarget section */

/* Begin PBXProject section */
		F64AF755A0E48DED8D5AD00E /* Project object */ = {
			isa = PBXProject;
			attributes = {
				BuildIndependentTargetsInParallel = YES;
				LastUpgradeCheck = 1540;
			};
			buildConfigurationList = 95CBDD20DA8D1A8EB26F5661 /* Build configuration list for PBXProject "SuperSpeedSlicers" */;
			developmentRegion = en;
			hasScannedForEncodings = 0;
			knownRegions = (
				Base,
				en,
			);
			mainGroup = 15330CE32DF454ADC7C6D689;
			minimizedProjectReferenceProxies = 1;
			preferredProjectObjectVersion = 77;
			productRefGroup = B9D115F62965E7B72F4D266E /* Products */;
			projectDirPath = "";
			projectRoot = "";
			targets = (
				284B46E00036A6CD9B7E05E0 /* SuperSpeedSlicers */,
			);
		};
/* End PBXProject section */

/* Begin PBXResourcesBuildPhase section */
		CB46960E565CC82A6AE46C4F /* Resources */ = {
			isa = PBXResourcesBuildPhase;
			buildActionMask = 2147483647;
			files = (
				157A1A9D36C7681D41FEB5D2 /* Assets.xcassets in Resources */,
			);
			runOnlyForDeploymentPostprocessing = 0;
		};
/* End PBXResourcesBuildPhase section */

/* Begin PBXSourcesBuildPhase section */
		344EF05F198863472D98C296 /* Sources */ = {
			isa = PBXSourcesBuildPhase;
			buildActionMask = 2147483647;
			files = (
				22ABF09E2C8AB44FD654F5C4 /* AppDelegate.swift in Sources */,
				F2E3D4C5B6A7988A7B6C5D4E /* CoinNode.swift in Sources */,
				E1A2B3C4D5E6F7A8B9C0D1E2 /* EnemyNode.swift in Sources */,
				0CB6E7D3E9CFA713F55AFDF7 /* GameViewController.swift in Sources */,
				2000ECDC9446E5A47352E49F /* ObstacleNode.swift in Sources */,
				008F46E67C3040A8567357EE /* PhysicsCategory.swift in Sources */,
				6E82130AB0F908A12A897289 /* PlayerNode.swift in Sources */,
				C4C40A4ED6569DE5B7DCFE8C /* PointsManager.swift in Sources */,
				DF3858057B72E942333BAAD1 /* PowerUpNode.swift in Sources */,
				01582EB568844379775EE110 /* SceneDelegate.swift in Sources */,
				8D511923214CF0C213306B42 /* SlicersGameScene.swift in Sources */,
				48BC9CB01D046551972FFFE8 /* SlicersKeys.swift in Sources */,
				05A2FC16BD58A096D6E745A7 /* SlicersModels.swift in Sources */,
				1C8DF1B6328977059CED3E76 /* SlicersWelcomeScene.swift in Sources */,
				C29A583EC026CFABE6989A54 /* SoundManager.swift in Sources */,
				16F9B52B4899438B60024BED /* ThemeManager.swift in Sources */,
			);
			runOnlyForDeploymentPostprocessing = 0;
		};
/* End PBXSourcesBuildPhase section */

/* Begin XCBuildConfiguration section */
		148BFC432D8B47DAE1A08EA5 /* Debug */ = {
			isa = XCBuildConfiguration;
			buildSettings = {
				ALWAYS_SEARCH_USER_PATHS = NO;
				CLANG_ANALYZER_NONNULL = YES;
				CLANG_ANALYZER_NUMBER_OBJECT_CONVERSION = YES_AGGRESSIVE;
				CLANG_CXX_LANGUAGE_STANDARD = "gnu++14";
				CLANG_CXX_LIBRARY = "libc++";
				CLANG_ENABLE_MODULES = YES;
				CLANG_ENABLE_OBJC_ARC = YES;
				CLANG_ENABLE_OBJC_WEAK = YES;
				CLANG_WARN_BLOCK_CAPTURE_AUTORELEASING = YES;
				CLANG_WARN_BOOL_CONVERSION = YES;
				CLANG_WARN_COMMA = YES;
				CLANG_WARN_CONSTANT_CONVERSION = YES;
				CLANG_WARN_DEPRECATED_OBJC_IMPLEMENTATIONS = YES;
				CLANG_WARN_DIRECT_OBJC_ISA_USAGE = YES_ERROR;
				CLANG_WARN_DOCUMENTATION_COMMENTS = YES;
				CLANG_WARN_EMPTY_BODY = YES;
				CLANG_WARN_ENUM_CONVERSION = YES;
				CLANG_WARN_INFINITE_RECURSION = YES;
				CLANG_WARN_INT_CONVERSION = YES;
				CLANG_WARN_NON_LITERAL_NULL_CONVERSION = YES;
				CLANG_WARN_OBJC_IMPLICIT_RETAIN_SELF = YES;
				CLANG_WARN_OBJC_LITERAL_CONVERSION = YES;
				CLANG_WARN_OBJC_ROOT_CLASS = YES_ERROR;
				CLANG_WARN_QUOTED_INCLUDE_IN_FRAMEWORK_HEADER = YES;
				CLANG_WARN_RANGE_LOOP_ANALYSIS = YES;
				CLANG_WARN_STRICT_PROTOTYPES = YES;
				CLANG_WARN_SUSPICIOUS_MOVE = YES;
				CLANG_WARN_UNGUARDED_AVAILABILITY = YES_AGGRESSIVE;
				CLANG_WARN_UNREACHABLE_CODE = YES;
				CLANG_WARN__DUPLICATE_METHOD_MATCH = YES;
				COPY_PHASE_STRIP = NO;
				DEBUG_INFORMATION_FORMAT = dwarf;
				ENABLE_STRICT_OBJC_MSGSEND = YES;
				ENABLE_TESTABILITY = YES;
				GCC_C_LANGUAGE_STANDARD = gnu11;
				GCC_DYNAMIC_NO_PIC = NO;
				GCC_NO_COMMON_BLOCKS = YES;
				GCC_OPTIMIZATION_LEVEL = 0;
				GCC_PREPROCESSOR_DEFINITIONS = (
					"$(inherited)",
					"DEBUG=1",
				);
				GCC_WARN_64_TO_32_BIT_CONVERSION = YES;
				GCC_WARN_ABOUT_RETURN_TYPE = YES_ERROR;
				GCC_WARN_UNDECLARED_SELECTOR = YES;
				GCC_WARN_UNINITIALIZED_AUTOS = YES_AGGRESSIVE;
				GCC_WARN_UNUSED_FUNCTION = YES;
				GCC_WARN_UNUSED_VARIABLE = YES;
				IPHONEOS_DEPLOYMENT_TARGET = 16.0;
				MTL_ENABLE_DEBUG_INFO = INCLUDE_SOURCE;
				MTL_FAST_MATH = YES;
				ONLY_ACTIVE_ARCH = YES;
				PRODUCT_NAME = "$(TARGET_NAME)";
				SDKROOT = iphoneos;
				SWIFT_ACTIVE_COMPILATION_CONDITIONS = DEBUG;
				SWIFT_OPTIMIZATION_LEVEL = "-Onone";
				SWIFT_VERSION = 5.0;
			};
			name = Debug;
		};
		255F4D9F0DC2D97997375DE9 /* Release */ = {
			isa = XCBuildConfiguration;
			buildSettings = {
				ASSETCATALOG_COMPILER_APPICON_NAME = AppIcon;
				CODE_SIGN_ENTITLEMENTS = SuperSpeedSlicers/SuperSpeedSlicers.entitlements;
				CODE_SIGN_IDENTITY = "iPhone Developer";
				DEVELOPMENT_TEAM = S9SAABNC32;
				INFOPLIST_FILE = SuperSpeedSlicers/Info.plist;
				IPHONEOS_DEPLOYMENT_TARGET = 16.0;
				LD_RUNPATH_SEARCH_PATHS = (
					"$(inherited)",
					"@executable_path/Frameworks",
				);
				PRODUCT_BUNDLE_IDENTIFIER = com.games.SuperSpeedSlicers;
				SDKROOT = iphoneos;
				SWIFT_VERSION = 6.0;
				TARGETED_DEVICE_FAMILY = "1,2";
			};
			name = Release;
		};
		784D275F096398E74E7B6A6E /* Release */ = {
			isa = XCBuildConfiguration;
			buildSettings = {
				ALWAYS_SEARCH_USER_PATHS = NO;
				CLANG_ANALYZER_NONNULL = YES;
				CLANG_ANALYZER_NUMBER_OBJECT_CONVERSION = YES_AGGRESSIVE;
				CLANG_CXX_LANGUAGE_STANDARD = "gnu++14";
				CLANG_CXX_LIBRARY = "libc++";
				CLANG_ENABLE_MODULES = YES;
				CLANG_ENABLE_OBJC_ARC = YES;
				CLANG_ENABLE_OBJC_WEAK = YES;
				CLANG_WARN_BLOCK_CAPTURE_AUTORELEASING = YES;
				CLANG_WARN_BOOL_CONVERSION = YES;
				CLANG_WARN_COMMA = YES;
				CLANG_WARN_CONSTANT_CONVERSION = YES;
				CLANG_WARN_DEPRECATED_OBJC_IMPLEMENTATIONS = YES;
				CLANG_WARN_DIRECT_OBJC_ISA_USAGE = YES_ERROR;
				CLANG_WARN_DOCUMENTATION_COMMENTS = YES;
				CLANG_WARN_EMPTY_BODY = YES;
				CLANG_WARN_ENUM_CONVERSION = YES;
				CLANG_WARN_INFINITE_RECURSION = YES;
				CLANG_WARN_INT_CONVERSION = YES;
				CLANG_WARN_NON_LITERAL_NULL_CONVERSION = YES;
				CLANG_WARN_OBJC_IMPLICIT_RETAIN_SELF = YES;
				CLANG_WARN_OBJC_LITERAL_CONVERSION = YES;
				CLANG_WARN_OBJC_ROOT_CLASS = YES_ERROR;
				CLANG_WARN_QUOTED_INCLUDE_IN_FRAMEWORK_HEADER = YES;
				CLANG_WARN_RANGE_LOOP_ANALYSIS = YES;
				CLANG_WARN_STRICT_PROTOTYPES = YES;
				CLANG_WARN_SUSPICIOUS_MOVE = YES;
				CLANG_WARN_UNGUARDED_AVAILABILITY = YES_AGGRESSIVE;
				CLANG_WARN_UNREACHABLE_CODE = YES;
				CLANG_WARN__DUPLICATE_METHOD_MATCH = YES;
				COPY_PHASE_STRIP = NO;
				DEBUG_INFORMATION_FORMAT = "dwarf-with-dsym";
				ENABLE_NS_ASSERTIONS = NO;
				ENABLE_STRICT_OBJC_MSGSEND = YES;
				GCC_C_LANGUAGE_STANDARD = gnu11;
				GCC_NO_COMMON_BLOCKS = YES;
				GCC_WARN_64_TO_32_BIT_CONVERSION = YES;
				GCC_WARN_ABOUT_RETURN_TYPE = YES_ERROR;
				GCC_WARN_UNDECLARED_SELECTOR = YES;
				GCC_WARN_UNINITIALIZED_AUTOS = YES_AGGRESSIVE;
				GCC_WARN_UNUSED_FUNCTION = YES;
				GCC_WARN_UNUSED_VARIABLE = YES;
				IPHONEOS_DEPLOYMENT_TARGET = 16.0;
				MTL_ENABLE_DEBUG_INFO = NO;
				MTL_FAST_MATH = YES;
				PRODUCT_NAME = "$(TARGET_NAME)";
				SDKROOT = iphoneos;
				SWIFT_COMPILATION_MODE = wholemodule;
				SWIFT_OPTIMIZATION_LEVEL = "-O";
				SWIFT_VERSION = 5.0;
			};
			name = Release;
		};
		CFE4123B20C3D755FC51C4CF /* Debug */ = {
			isa = XCBuildConfiguration;
			buildSettings = {
				ASSETCATALOG_COMPILER_APPICON_NAME = AppIcon;
				CODE_SIGN_ENTITLEMENTS = SuperSpeedSlicers/SuperSpeedSlicers.entitlements;
				CODE_SIGN_IDENTITY = "iPhone Developer";
				DEVELOPMENT_TEAM = S9SAABNC32;
				INFOPLIST_FILE = SuperSpeedSlicers/Info.plist;
				IPHONEOS_DEPLOYMENT_TARGET = 16.0;
				LD_RUNPATH_SEARCH_PATHS = (
					"$(inherited)",
					"@executable_path/Frameworks",
				);
				PRODUCT_BUNDLE_IDENTIFIER = com.games.SuperSpeedSlicers;
				SDKROOT = iphoneos;
				SWIFT_VERSION = 6.0;
				TARGETED_DEVICE_FAMILY = "1,2";
			};
			name = Debug;
		};
/* End XCBuildConfiguration section */

/* Begin XCConfigurationList section */
		56F55780990C3163423F890B /* Build configuration list for PBXNativeTarget "SuperSpeedSlicers" */ = {
			isa = XCConfigurationList;
			buildConfigurations = (
				CFE4123B20C3D755FC51C4CF /* Debug */,
				255F4D9F0DC2D97997375DE9 /* Release */,
			);
			defaultConfigurationIsVisible = 0;
			defaultConfigurationName = Debug;
		};
		95CBDD20DA8D1A8EB26F5661 /* Build configuration list for PBXProject "SuperSpeedSlicers" */ = {
			isa = XCConfigurationList;
			buildConfigurations = (
				148BFC432D8B47DAE1A08EA5 /* Debug */,
				784D275F096398E74E7B6A6E /* Release */,
			);
			defaultConfigurationIsVisible = 0;
			defaultConfigurationName = Debug;
		};
/* End XCConfigurationList section */
	};
	rootObject = F64AF755A0E48DED8D5AD00E /* Project object */;
}
